
Microsoft Visual Studio Solution File, Format Version 12.00
# Visual Studio Version 17
VisualStudioVersion = 17.1.32407.343
MinimumVisualStudioVersion = 10.0.40219.1
Project("{FAE04EC0-301F-11D3-BF4B-00C04F79EFBC}") = "Game2048", "Game2048\Game2048.csproj", "{21B43310-FE23-4A34-A899-CAD7FF1FA0FD}"
EndProject
Project("{54435603-DBB4-11D2-8724-00A0C9A8B90C}") = "Installer", "Installer\Installer.vdproj", "{21672168-4C85-4508-BF79-4F89D74D7538}"
EndProject
Global
	GlobalSection(SolutionConfigurationPlatforms) = preSolution
		Debug|Any CPU = Debug|Any CPU
		Release|Any CPU = Release|Any CPU
	EndGlobalSection
	GlobalSection(ProjectConfigurationPlatforms) = postSolution
		{21B43310-FE23-4A34-A899-CAD7FF1FA0FD}.Debug|Any CPU.ActiveCfg = Debug|Any CPU
		{21B43310-FE23-4A34-A899-CAD7FF1FA0FD}.Debug|Any CPU.Build.0 = Debug|Any CPU
		{21B43310-FE23-4A34-A899-CAD7FF1FA0FD}.Release|Any CPU.ActiveCfg = Release|Any CPU
		{21B43310-FE23-4A34-A899-CAD7FF1FA0FD}.Release|Any CPU.Build.0 = Release|Any CPU
		{21672168-4C85-4508-BF79-4F89D74D7538}.Debug|Any CPU.ActiveCfg = Debug
		{21672168-4C85-4508-BF79-4F89D74D7538}.Release|Any CPU.ActiveCfg = Release
	EndGlobalSection
	GlobalSection(SolutionProperties) = preSolution
		HideSolutionNode = FALSE
	EndGlobalSection
	GlobalSection(ExtensibilityGlobals) = postSolution
		SolutionGuid = {DF62FD20-F096-425B-B04D-BC00C66BCA5B}
	EndGlobalSection
EndGlobal
